
Microsoft Visual Studio Solution File, Format Version 12.00
# Visual Studio Version 17
VisualStudioVersion = 17.0.31919.166
MinimumVisualStudioVersion = 10.0.40219.1
Project("{FAE04EC0-301F-11D3-BF4B-00C04F79EFBC}") = "Project", "Project\Project.csproj", "{B120B37A-E4BC-4DEE-9E99-0520DAF5179E}"
EndProject
Global
	GlobalSection(SolutionConfigurationPlatforms) = preSolution
		Debug|Any CPU = Debug|Any CPU
		Release|Any CPU = Release|Any CPU
	EndGlobalSection
	GlobalSection(ProjectConfigurationPlatforms) = postSolution
		{B120B37A-E4BC-4DEE-9E99-0520DAF5179E}.Debug|Any CPU.ActiveCfg = Debug|Any CPU
		{B120B37A-E4BC-4DEE-9E99-0520DAF5179E}.Debug|Any CPU.Build.0 = Debug|Any CPU
		{B120B37A-E4BC-4DEE-9E99-0520DAF5179E}.Release|Any CPU.ActiveCfg = Release|Any CPU
		{B120B37A-E4BC-4DEE-9E99-0520DAF5179E}.Release|Any CPU.Build.0 = Release|Any CPU
	EndGlobalSection
	GlobalSection(SolutionProperties) = preSolution
		HideSolutionNode = FALSE
	EndGlobalSection
	GlobalSection(ExtensibilityGlobals) = postSolution
		SolutionGuid = {C0A83D80-4852-4980-AD2E-D31F9A5F5B2E}
	EndGlobalSection
EndGlobal
